
Microsoft Visual Studio Solution File, Format Version 12.00
# Visual Studio Version 17
VisualStudioVersion = 17.10.35027.167
MinimumVisualStudioVersion = 10.0.40219.1
Project("{FAE04EC0-301F-11D3-BF4B-00C04F79EFBC}") = "CommentAndReviewSystem", "CommentAndReviewSystem.csproj", "{D6D5BB64-FF41-41AC-BBAF-E6025B52BA01}"
EndProject
Global
	GlobalSection(SolutionConfigurationPlatforms) = preSolution
		Debug|Any CPU = Debug|Any CPU
		Release|Any CPU = Release|Any CPU
	EndGlobalSection
	GlobalSection(ProjectConfigurationPlatforms) = postSolution
		{D6D5BB64-FF41-41AC-BBAF-E6025B52BA01}.Debug|Any CPU.ActiveCfg = Debug|Any CPU
		{D6D5BB64-FF41-41AC-BBAF-E6025B52BA01}.Debug|Any CPU.Build.0 = Debug|Any CPU
		{D6D5BB64-FF41-41AC-BBAF-E6025B52BA01}.Release|Any CPU.ActiveCfg = Release|Any CPU
		{D6D5BB64-FF41-41AC-BBAF-E6025B52BA01}.Release|Any CPU.Build.0 = Release|Any CPU
	EndGlobalSection
	GlobalSection(SolutionProperties) = preSolution
		HideSolutionNode = FALSE
	EndGlobalSection
	GlobalSection(ExtensibilityGlobals) = postSolution
		SolutionGuid = {8CE387D1-1985-4096-A8BC-5617A47D68EE}
	EndGlobalSection
EndGlobal
